
Microsoft Visual Studio Solution File, Format Version 12.00
# Visual Studio 15
VisualStudioVersion = 15.0.27703.2026
MinimumVisualStudioVersion = 10.0.40219.1
Project("{FAE04EC0-301F-11D3-BF4B-00C04F79EFBC}") = "Lab2_DependecyInjection", "Lab2_DependecyInjection\Lab2_DependecyInjection.csproj", "{909663DE-EFF3-4952-9977-041B6C6FD4D9}"
EndProject
Project("{FAE04EC0-301F-11D3-BF4B-00C04F79EFBC}") = "Lab2_DependencyInjection_Tests", "Lab2_DependencyInjection_Tests\Lab2_DependencyInjection_Tests.csproj", "{70FC3531-AAE7-4D18-95ED-FE4713281116}"
EndProject
Global
	GlobalSection(SolutionConfigurationPlatforms) = preSolution
		Debug|Any CPU = Debug|Any CPU
		Release|Any CPU = Release|Any CPU
	EndGlobalSection
	GlobalSection(ProjectConfigurationPlatforms) = postSolution
		{909663DE-EFF3-4952-9977-041B6C6FD4D9}.Debug|Any CPU.ActiveCfg = Debug|Any CPU
		{909663DE-EFF3-4952-9977-041B6C6FD4D9}.Debug|Any CPU.Build.0 = Debug|Any CPU
		{909663DE-EFF3-4952-9977-041B6C6FD4D9}.Release|Any CPU.ActiveCfg = Release|Any CPU
		{909663DE-EFF3-4952-9977-041B6C6FD4D9}.Release|Any CPU.Build.0 = Release|Any CPU
		{70FC3531-AAE7-4D18-95ED-FE4713281116}.Debug|Any CPU.ActiveCfg = Debug|Any CPU
		{70FC3531-AAE7-4D18-95ED-FE4713281116}.Debug|Any CPU.Build.0 = Debug|Any CPU
		{70FC3531-AAE7-4D18-95ED-FE4713281116}.Release|Any CPU.ActiveCfg = Release|Any CPU
		{70FC3531-AAE7-4D18-95ED-FE4713281116}.Release|Any CPU.Build.0 = Release|Any CPU
	EndGlobalSection
	GlobalSection(SolutionProperties) = preSolution
		HideSolutionNode = FALSE
	EndGlobalSection
	GlobalSection(ExtensibilityGlobals) = postSolution
		SolutionGuid = {2859CE1B-031B-40B9-810D-1731F5824493}
	EndGlobalSection
EndGlobal
